github.com/hugomods/icons v0.6.0 h1:G6RU93okhPPRDh/jqcew9gwkcYpSpg0rCBv4S6yUAFw=
github.com/hugomods/icons v0.6.0/go.mod h1:cIkSvK6W0q6N4U6n9KGz+QfRWQXAW0INd+1P31gPNGg=
github.com/hugomods/icons/vendors/feather v0.2.0 h1:dBRzxvprIP3jReF6IDf+bp4OiRX4AnQRs2Vty/qsVRY=
github.com/hugomods/icons/vendors/feather v0.2.0/go.mod h1:XKGSihn06SXcbkpS4/RDQh94NvTmtg+Xc4bfP2oY7jY=
github.com/hugomods/icons/vendors/font-awesome v0.6.0 h1:B5OwUkpVupNdtxyRlU+572HfCpvKhmIMX+8L49eTr3w=
github.com/hugomods/icons/vendors/font-awesome v0.6.0/go.mod h1:6e81kH7XzgVySHRQtc+cA4bSabpCuZHorQL8LPv7raE=
